
Microsoft Visual Studio Solution File, Format Version 12.00
# Visual Studio Version 16
VisualStudioVersion = 16.0.29926.136
MinimumVisualStudioVersion = 10.0.40219.1
Project("{8BC9CEB8-8B4A-11D0-8D11-00A0C91BC942}") = "예산", "예산.vcxproj", "{7C93C7B9-2EAE-45C2-9D17-172D7D97774E}"
EndProject
Global
	GlobalSection(SolutionConfigurationPlatforms) = preSolution
		Debug|x64 = Debug|x64
		Debug|x86 = Debug|x86
		Release|x64 = Release|x64
		Release|x86 = Release|x86
	EndGlobalSection
	GlobalSection(ProjectConfigurationPlatforms) = postSolution
		{7C93C7B9-2EAE-45C2-9D17-172D7D97774E}.Debug|x64.ActiveCfg = Debug|x64
		{7C93C7B9-2EAE-45C2-9D17-172D7D97774E}.Debug|x64.Build.0 = Debug|x64
		{7C93C7B9-2EAE-45C2-9D17-172D7D97774E}.Debug|x86.ActiveCfg = Debug|Win32
		{7C93C7B9-2EAE-45C2-9D17-172D7D97774E}.Debug|x86.Build.0 = Debug|Win32
		{7C93C7B9-2EAE-45C2-9D17-172D7D97774E}.Release|x64.ActiveCfg = Release|x64
		{7C93C7B9-2EAE-45C2-9D17-172D7D97774E}.Release|x64.Build.0 = Release|x64
		{7C93C7B9-2EAE-45C2-9D17-172D7D97774E}.Release|x86.ActiveCfg = Release|Win32
		{7C93C7B9-2EAE-45C2-9D17-172D7D97774E}.Release|x86.Build.0 = Release|Win32
	EndGlobalSection
	GlobalSection(SolutionProperties) = preSolution
		HideSolutionNode = FALSE
	EndGlobalSection
	GlobalSection(ExtensibilityGlobals) = postSolution
		SolutionGuid = {A174D762-2D16-4BA3-9B18-82C2BE64E62C}
	EndGlobalSection
EndGlobal
