
Microsoft Visual Studio Solution File, Format Version 12.00
# Visual Studio Version 16
VisualStudioVersion = 16.0.29926.136
MinimumVisualStudioVersion = 10.0.40219.1
Project("{8BC9CEB8-8B4A-11D0-8D11-00A0C91BC942}") = "숫자카드", "숫자카드.vcxproj", "{F08C2224-2E17-4E75-A816-35DA9A8C46FD}"
EndProject
Global
	GlobalSection(SolutionConfigurationPlatforms) = preSolution
		Debug|x64 = Debug|x64
		Debug|x86 = Debug|x86
		Release|x64 = Release|x64
		Release|x86 = Release|x86
	EndGlobalSection
	GlobalSection(ProjectConfigurationPlatforms) = postSolution
		{F08C2224-2E17-4E75-A816-35DA9A8C46FD}.Debug|x64.ActiveCfg = Debug|x64
		{F08C2224-2E17-4E75-A816-35DA9A8C46FD}.Debug|x64.Build.0 = Debug|x64
		{F08C2224-2E17-4E75-A816-35DA9A8C46FD}.Debug|x86.ActiveCfg = Debug|Win32
		{F08C2224-2E17-4E75-A816-35DA9A8C46FD}.Debug|x86.Build.0 = Debug|Win32
		{F08C2224-2E17-4E75-A816-35DA9A8C46FD}.Release|x64.ActiveCfg = Release|x64
		{F08C2224-2E17-4E75-A816-35DA9A8C46FD}.Release|x64.Build.0 = Release|x64
		{F08C2224-2E17-4E75-A816-35DA9A8C46FD}.Release|x86.ActiveCfg = Release|Win32
		{F08C2224-2E17-4E75-A816-35DA9A8C46FD}.Release|x86.Build.0 = Release|Win32
	EndGlobalSection
	GlobalSection(SolutionProperties) = preSolution
		HideSolutionNode = FALSE
	EndGlobalSection
	GlobalSection(ExtensibilityGlobals) = postSolution
		SolutionGuid = {AC37E0BF-F329-4570-B40D-CB5A8A310BF3}
	EndGlobalSection
EndGlobal
