
Microsoft Visual Studio Solution File, Format Version 12.00
# Visual Studio Version 16
VisualStudioVersion = 16.0.29613.14
MinimumVisualStudioVersion = 10.0.40219.1
Project("{8BC9CEB8-8B4A-11D0-8D11-00A0C91BC942}") = "달팽이는 올라가고싶다", "달팽이는 올라가고싶다\달팽이는 올라가고싶다.vcxproj", "{F8F062B3-AEC1-4DE1-823E-CA7CA2F9253F}"
EndProject
Global
	GlobalSection(SolutionConfigurationPlatforms) = preSolution
		Debug|x64 = Debug|x64
		Debug|x86 = Debug|x86
		Release|x64 = Release|x64
		Release|x86 = Release|x86
	EndGlobalSection
	GlobalSection(ProjectConfigurationPlatforms) = postSolution
		{F8F062B3-AEC1-4DE1-823E-CA7CA2F9253F}.Debug|x64.ActiveCfg = Debug|x64
		{F8F062B3-AEC1-4DE1-823E-CA7CA2F9253F}.Debug|x64.Build.0 = Debug|x64
		{F8F062B3-AEC1-4DE1-823E-CA7CA2F9253F}.Debug|x86.ActiveCfg = Debug|Win32
		{F8F062B3-AEC1-4DE1-823E-CA7CA2F9253F}.Debug|x86.Build.0 = Debug|Win32
		{F8F062B3-AEC1-4DE1-823E-CA7CA2F9253F}.Release|x64.ActiveCfg = Release|x64
		{F8F062B3-AEC1-4DE1-823E-CA7CA2F9253F}.Release|x64.Build.0 = Release|x64
		{F8F062B3-AEC1-4DE1-823E-CA7CA2F9253F}.Release|x86.ActiveCfg = Release|Win32
		{F8F062B3-AEC1-4DE1-823E-CA7CA2F9253F}.Release|x86.Build.0 = Release|Win32
	EndGlobalSection
	GlobalSection(SolutionProperties) = preSolution
		HideSolutionNode = FALSE
	EndGlobalSection
	GlobalSection(ExtensibilityGlobals) = postSolution
		SolutionGuid = {E2990507-79CB-4854-AA8A-D3380C8E7EC3}
	EndGlobalSection
EndGlobal
